
Microsoft Visual Studio Solution File, Format Version 12.00
# Visual Studio 15
VisualStudioVersion = 15.0.26124.0
MinimumVisualStudioVersion = 15.0.26124.0
Project("{FAE04EC0-301F-11D3-BF4B-00C04F79EFBC}") = "FlickrProxyAPI.Tests", "FlickrProxyAPI.Tests\FlickrProxyAPI.Tests.csproj", "{F7E00BC7-96E0-4422-82A4-5A6D35DE8D5A}"
EndProject
Project("{FAE04EC0-301F-11D3-BF4B-00C04F79EFBC}") = "FlickrProxyAPI", "FlickrProxyAPI\FlickrProxyAPI.csproj", "{CFCCEBD8-AD95-4499-8D95-B1F51A1B5DED}"
EndProject
Global
	GlobalSection(SolutionConfigurationPlatforms) = preSolution
		Debug|Any CPU = Debug|Any CPU
		Debug|x64 = Debug|x64
		Debug|x86 = Debug|x86
		Release|Any CPU = Release|Any CPU
		Release|x64 = Release|x64
		Release|x86 = Release|x86
	EndGlobalSection
	GlobalSection(SolutionProperties) = preSolution
		HideSolutionNode = FALSE
	EndGlobalSection
	GlobalSection(ProjectConfigurationPlatforms) = postSolution
		{F7E00BC7-96E0-4422-82A4-5A6D35DE8D5A}.Debug|Any CPU.ActiveCfg = Debug|Any CPU
		{F7E00BC7-96E0-4422-82A4-5A6D35DE8D5A}.Debug|Any CPU.Build.0 = Debug|Any CPU
		{F7E00BC7-96E0-4422-82A4-5A6D35DE8D5A}.Debug|x64.ActiveCfg = Debug|Any CPU
		{F7E00BC7-96E0-4422-82A4-5A6D35DE8D5A}.Debug|x64.Build.0 = Debug|Any CPU
		{F7E00BC7-96E0-4422-82A4-5A6D35DE8D5A}.Debug|x86.ActiveCfg = Debug|Any CPU
		{F7E00BC7-96E0-4422-82A4-5A6D35DE8D5A}.Debug|x86.Build.0 = Debug|Any CPU
		{F7E00BC7-96E0-4422-82A4-5A6D35DE8D5A}.Release|Any CPU.ActiveCfg = Release|Any CPU
		{F7E00BC7-96E0-4422-82A4-5A6D35DE8D5A}.Release|Any CPU.Build.0 = Release|Any CPU
		{F7E00BC7-96E0-4422-82A4-5A6D35DE8D5A}.Release|x64.ActiveCfg = Release|Any CPU
		{F7E00BC7-96E0-4422-82A4-5A6D35DE8D5A}.Release|x64.Build.0 = Release|Any CPU
		{F7E00BC7-96E0-4422-82A4-5A6D35DE8D5A}.Release|x86.ActiveCfg = Release|Any CPU
		{F7E00BC7-96E0-4422-82A4-5A6D35DE8D5A}.Release|x86.Build.0 = Release|Any CPU
		{CFCCEBD8-AD95-4499-8D95-B1F51A1B5DED}.Debug|Any CPU.ActiveCfg = Debug|Any CPU
		{CFCCEBD8-AD95-4499-8D95-B1F51A1B5DED}.Debug|Any CPU.Build.0 = Debug|Any CPU
		{CFCCEBD8-AD95-4499-8D95-B1F51A1B5DED}.Debug|x64.ActiveCfg = Debug|Any CPU
		{CFCCEBD8-AD95-4499-8D95-B1F51A1B5DED}.Debug|x64.Build.0 = Debug|Any CPU
		{CFCCEBD8-AD95-4499-8D95-B1F51A1B5DED}.Debug|x86.ActiveCfg = Debug|Any CPU
		{CFCCEBD8-AD95-4499-8D95-B1F51A1B5DED}.Debug|x86.Build.0 = Debug|Any CPU
		{CFCCEBD8-AD95-4499-8D95-B1F51A1B5DED}.Release|Any CPU.ActiveCfg = Release|Any CPU
		{CFCCEBD8-AD95-4499-8D95-B1F51A1B5DED}.Release|Any CPU.Build.0 = Release|Any CPU
		{CFCCEBD8-AD95-4499-8D95-B1F51A1B5DED}.Release|x64.ActiveCfg = Release|Any CPU
		{CFCCEBD8-AD95-4499-8D95-B1F51A1B5DED}.Release|x64.Build.0 = Release|Any CPU
		{CFCCEBD8-AD95-4499-8D95-B1F51A1B5DED}.Release|x86.ActiveCfg = Release|Any CPU
		{CFCCEBD8-AD95-4499-8D95-B1F51A1B5DED}.Release|x86.Build.0 = Release|Any CPU
	EndGlobalSection
EndGlobal
